
Microsoft Visual Studio Solution File, Format Version 12.00
# Visual Studio Version 16
VisualStudioVersion = 16.0.29503.13
MinimumVisualStudioVersion = 10.0.40219.1
Project("{2150E333-8FDC-42A3-9474-1A3956D46DE8}") = "Business", "Business", "{850D1CDD-545B-4CB5-B2C2-B232266D839B}"
EndProject
Project("{FAE04EC0-301F-11D3-BF4B-00C04F79EFBC}") = "EPROCUREMENT.GAPPROVEEDOR.Business", "EPROCUREMENT.GAPPROVEEDOR.Business\EPROCUREMENT.GAPPROVEEDOR.Business.csproj", "{272D2E9A-2B1C-4A19-AE2E-1E0A9D74B8D5}"
EndProject
Project("{2150E333-8FDC-42A3-9474-1A3956D46DE8}") = "Data", "Data", "{CAB2231B-4851-4598-9558-C3A1EFED7E40}"
EndProject
Project("{FAE04EC0-301F-11D3-BF4B-00C04F79EFBC}") = "EPROCUREMENT.GAPPROVEEDOR.Data", "EPROCUREMENT.GAPPROVEEDOR.Data\EPROCUREMENT.GAPPROVEEDOR.Data.csproj", "{655BCACF-506F-422C-9BA3-1F013BE807CE}"
EndProject
Project("{2150E333-8FDC-42A3-9474-1A3956D46DE8}") = "Shared", "Shared", "{2B87C071-DFA6-440E-918D-6E7879B9912E}"
EndProject
Project("{FAE04EC0-301F-11D3-BF4B-00C04F79EFBC}") = "EPROCUREMENT.GAPPROVEEDOR.Entities", "EPROCUREMENT.GAPPROVEEDOR.Entities\EPROCUREMENT.GAPPROVEEDOR.Entities.csproj", "{82B84451-2B68-477A-8175-AEA7244947DE}"
EndProject
Project("{2150E333-8FDC-42A3-9474-1A3956D46DE8}") = "Web", "Web", "{7B32EA6C-8185-4A31-906A-64EE2E68D81C}"
EndProject
Project("{2150E333-8FDC-42A3-9474-1A3956D46DE8}") = "Api", "Api", "{D5DDAE70-0302-4088-B97D-FC0E99865BC7}"
EndProject
Project("{FAE04EC0-301F-11D3-BF4B-00C04F79EFBC}") = "EPROCUREMENT.GAPPROVEEDOR.Host.Http", "EPROCUREMENT.GAPPROVEEDOR.Host.Http\EPROCUREMENT.GAPPROVEEDOR.Host.Http.csproj", "{BFE7E6AE-D293-4C24-9F25-BBE8A065FE33}"
EndProject
Project("{FAE04EC0-301F-11D3-BF4B-00C04F79EFBC}") = "EprocurementWeb", "EPROCURENTWEB\EprocurementWeb.csproj", "{964CB3C7-E04F-4E5A-9CC5-EE3314891FA2}"
EndProject
Project("{2150E333-8FDC-42A3-9474-1A3956D46DE8}") = "Web.Compras", "Web.Compras", "{EC8FA93A-E468-41FE-A1FF-19BA7F6184BB}"
EndProject
Project("{FAE04EC0-301F-11D3-BF4B-00C04F79EFBC}") = "Eprocurement.Compras", "EPROCUREMENTWEB.COMPRAS\Eprocurement.Compras\Eprocurement.Compras.csproj", "{4181D090-1E9A-4A3D-8A05-3179A33AC41E}"
EndProject
Global
	GlobalSection(SolutionConfigurationPlatforms) = preSolution
		Debug|Any CPU = Debug|Any CPU
		Release|Any CPU = Release|Any CPU
	EndGlobalSection
	GlobalSection(ProjectConfigurationPlatforms) = postSolution
		{272D2E9A-2B1C-4A19-AE2E-1E0A9D74B8D5}.Debug|Any CPU.ActiveCfg = Debug|Any CPU
		{272D2E9A-2B1C-4A19-AE2E-1E0A9D74B8D5}.Debug|Any CPU.Build.0 = Debug|Any CPU
		{272D2E9A-2B1C-4A19-AE2E-1E0A9D74B8D5}.Release|Any CPU.ActiveCfg = Release|Any CPU
		{272D2E9A-2B1C-4A19-AE2E-1E0A9D74B8D5}.Release|Any CPU.Build.0 = Release|Any CPU
		{655BCACF-506F-422C-9BA3-1F013BE807CE}.Debug|Any CPU.ActiveCfg = Debug|Any CPU
		{655BCACF-506F-422C-9BA3-1F013BE807CE}.Debug|Any CPU.Build.0 = Debug|Any CPU
		{655BCACF-506F-422C-9BA3-1F013BE807CE}.Release|Any CPU.ActiveCfg = Release|Any CPU
		{655BCACF-506F-422C-9BA3-1F013BE807CE}.Release|Any CPU.Build.0 = Release|Any CPU
		{82B84451-2B68-477A-8175-AEA7244947DE}.Debug|Any CPU.ActiveCfg = Debug|Any CPU
		{82B84451-2B68-477A-8175-AEA7244947DE}.Debug|Any CPU.Build.0 = Debug|Any CPU
		{82B84451-2B68-477A-8175-AEA7244947DE}.Release|Any CPU.ActiveCfg = Release|Any CPU
		{82B84451-2B68-477A-8175-AEA7244947DE}.Release|Any CPU.Build.0 = Release|Any CPU
		{BFE7E6AE-D293-4C24-9F25-BBE8A065FE33}.Debug|Any CPU.ActiveCfg = Debug|Any CPU
		{BFE7E6AE-D293-4C24-9F25-BBE8A065FE33}.Debug|Any CPU.Build.0 = Debug|Any CPU
		{BFE7E6AE-D293-4C24-9F25-BBE8A065FE33}.Release|Any CPU.ActiveCfg = Release|Any CPU
		{BFE7E6AE-D293-4C24-9F25-BBE8A065FE33}.Release|Any CPU.Build.0 = Release|Any CPU
		{964CB3C7-E04F-4E5A-9CC5-EE3314891FA2}.Debug|Any CPU.ActiveCfg = Debug|Any CPU
		{964CB3C7-E04F-4E5A-9CC5-EE3314891FA2}.Debug|Any CPU.Build.0 = Debug|Any CPU
		{964CB3C7-E04F-4E5A-9CC5-EE3314891FA2}.Release|Any CPU.ActiveCfg = Release|Any CPU
		{964CB3C7-E04F-4E5A-9CC5-EE3314891FA2}.Release|Any CPU.Build.0 = Release|Any CPU
		{4181D090-1E9A-4A3D-8A05-3179A33AC41E}.Debug|Any CPU.ActiveCfg = Debug|Any CPU
		{4181D090-1E9A-4A3D-8A05-3179A33AC41E}.Debug|Any CPU.Build.0 = Debug|Any CPU
		{4181D090-1E9A-4A3D-8A05-3179A33AC41E}.Release|Any CPU.ActiveCfg = Release|Any CPU
		{4181D090-1E9A-4A3D-8A05-3179A33AC41E}.Release|Any CPU.Build.0 = Release|Any CPU
	EndGlobalSection
	GlobalSection(SolutionProperties) = preSolution
		HideSolutionNode = FALSE
	EndGlobalSection
	GlobalSection(NestedProjects) = preSolution
		{272D2E9A-2B1C-4A19-AE2E-1E0A9D74B8D5} = {850D1CDD-545B-4CB5-B2C2-B232266D839B}
		{655BCACF-506F-422C-9BA3-1F013BE807CE} = {CAB2231B-4851-4598-9558-C3A1EFED7E40}
		{82B84451-2B68-477A-8175-AEA7244947DE} = {2B87C071-DFA6-440E-918D-6E7879B9912E}
		{BFE7E6AE-D293-4C24-9F25-BBE8A065FE33} = {D5DDAE70-0302-4088-B97D-FC0E99865BC7}
		{964CB3C7-E04F-4E5A-9CC5-EE3314891FA2} = {7B32EA6C-8185-4A31-906A-64EE2E68D81C}
		{4181D090-1E9A-4A3D-8A05-3179A33AC41E} = {EC8FA93A-E468-41FE-A1FF-19BA7F6184BB}
	EndGlobalSection
	GlobalSection(ExtensibilityGlobals) = postSolution
		SolutionGuid = {D5733713-321C-4532-AFA6-B0500B9BE976}
	EndGlobalSection
EndGlobal
